
Microsoft Visual Studio Solution File, Format Version 12.00
# Visual Studio Version 16
VisualStudioVersion = 16.0.33130.400
MinimumVisualStudioVersion = 10.0.40219.1
Project("{FAE04EC0-301F-11D3-BF4B-00C04F79EFBC}") = "DINEPLUSBE.UWP", "DINEPLUSBE.UWP\DINEPLUSBE.UWP.csproj", "{01F66FE1-DEA7-41DA-9485-9F0318EA23ED}"
EndProject
Project("{FAE04EC0-301F-11D3-BF4B-00C04F79EFBC}") = "DINEPLUSBE.Android", "DINEPLUSBE.Android\DINEPLUSBE.Android.csproj", "{5BA4CA98-D60C-42C8-A30A-60C6879663BA}"
EndProject
Project("{FAE04EC0-301F-11D3-BF4B-00C04F79EFBC}") = "DINEPLUSBE.iOS", "DINEPLUSBE.iOS\DINEPLUSBE.iOS.csproj", "{E627E87E-7E34-462A-BC31-F5B085624732}"
EndProject
Project("{FAE04EC0-301F-11D3-BF4B-00C04F79EFBC}") = "DINEPLUSBE", "DINEPLUSBE\DINEPLUSBE.csproj", "{D7DA668B-A7E9-435D-912C-52ACEF328990}"
EndProject
Global
	GlobalSection(SolutionConfigurationPlatforms) = preSolution
		Debug|Any CPU = Debug|Any CPU
		Debug|ARM = Debug|ARM
		Debug|iPhone = Debug|iPhone
		Debug|iPhoneSimulator = Debug|iPhoneSimulator
		Debug|x64 = Debug|x64
		Debug|x86 = Debug|x86
		Release|Any CPU = Release|Any CPU
		Release|ARM = Release|ARM
		Release|iPhone = Release|iPhone
		Release|iPhoneSimulator = Release|iPhoneSimulator
		Release|x64 = Release|x64
		Release|x86 = Release|x86
	EndGlobalSection
	GlobalSection(ProjectConfigurationPlatforms) = postSolution
		{01F66FE1-DEA7-41DA-9485-9F0318EA23ED}.Debug|Any CPU.ActiveCfg = Debug|x86
		{01F66FE1-DEA7-41DA-9485-9F0318EA23ED}.Debug|Any CPU.Build.0 = Debug|x86
		{01F66FE1-DEA7-41DA-9485-9F0318EA23ED}.Debug|Any CPU.Deploy.0 = Debug|x86
		{01F66FE1-DEA7-41DA-9485-9F0318EA23ED}.Debug|ARM.ActiveCfg = Debug|ARM
		{01F66FE1-DEA7-41DA-9485-9F0318EA23ED}.Debug|ARM.Build.0 = Debug|ARM
		{01F66FE1-DEA7-41DA-9485-9F0318EA23ED}.Debug|ARM.Deploy.0 = Debug|ARM
		{01F66FE1-DEA7-41DA-9485-9F0318EA23ED}.Debug|iPhone.ActiveCfg = Debug|x86
		{01F66FE1-DEA7-41DA-9485-9F0318EA23ED}.Debug|iPhone.Build.0 = Debug|x86
		{01F66FE1-DEA7-41DA-9485-9F0318EA23ED}.Debug|iPhone.Deploy.0 = Debug|x86
		{01F66FE1-DEA7-41DA-9485-9F0318EA23ED}.Debug|iPhoneSimulator.ActiveCfg = Debug|x86
		{01F66FE1-DEA7-41DA-9485-9F0318EA23ED}.Debug|iPhoneSimulator.Build.0 = Debug|x86
		{01F66FE1-DEA7-41DA-9485-9F0318EA23ED}.Debug|iPhoneSimulator.Deploy.0 = Debug|x86
		{01F66FE1-DEA7-41DA-9485-9F0318EA23ED}.Debug|x64.ActiveCfg = Debug|x64
		{01F66FE1-DEA7-41DA-9485-9F0318EA23ED}.Debug|x64.Build.0 = Debug|x64
		{01F66FE1-DEA7-41DA-9485-9F0318EA23ED}.Debug|x64.Deploy.0 = Debug|x64
		{01F66FE1-DEA7-41DA-9485-9F0318EA23ED}.Debug|x86.ActiveCfg = Debug|x86
		{01F66FE1-DEA7-41DA-9485-9F0318EA23ED}.Debug|x86.Build.0 = Debug|x86
		{01F66FE1-DEA7-41DA-9485-9F0318EA23ED}.Debug|x86.Deploy.0 = Debug|x86
		{01F66FE1-DEA7-41DA-9485-9F0318EA23ED}.Release|Any CPU.ActiveCfg = Release|x86
		{01F66FE1-DEA7-41DA-9485-9F0318EA23ED}.Release|Any CPU.Build.0 = Release|x86
		{01F66FE1-DEA7-41DA-9485-9F0318EA23ED}.Release|Any CPU.Deploy.0 = Release|x86
		{01F66FE1-DEA7-41DA-9485-9F0318EA23ED}.Release|ARM.ActiveCfg = Release|ARM
		{01F66FE1-DEA7-41DA-9485-9F0318EA23ED}.Release|ARM.Build.0 = Release|ARM
		{01F66FE1-DEA7-41DA-9485-9F0318EA23ED}.Release|ARM.Deploy.0 = Release|ARM
		{01F66FE1-DEA7-41DA-9485-9F0318EA23ED}.Release|iPhone.ActiveCfg = Release|x86
		{01F66FE1-DEA7-41DA-9485-9F0318EA23ED}.Release|iPhone.Build.0 = Release|x86
		{01F66FE1-DEA7-41DA-9485-9F0318EA23ED}.Release|iPhone.Deploy.0 = Release|x86
		{01F66FE1-DEA7-41DA-9485-9F0318EA23ED}.Release|iPhoneSimulator.ActiveCfg = Release|x86
		{01F66FE1-DEA7-41DA-9485-9F0318EA23ED}.Release|iPhoneSimulator.Build.0 = Release|x86
		{01F66FE1-DEA7-41DA-9485-9F0318EA23ED}.Release|iPhoneSimulator.Deploy.0 = Release|x86
		{01F66FE1-DEA7-41DA-9485-9F0318EA23ED}.Release|x64.ActiveCfg = Release|x64
		{01F66FE1-DEA7-41DA-9485-9F0318EA23ED}.Release|x64.Build.0 = Release|x64
		{01F66FE1-DEA7-41DA-9485-9F0318EA23ED}.Release|x64.Deploy.0 = Release|x64
		{01F66FE1-DEA7-41DA-9485-9F0318EA23ED}.Release|x86.ActiveCfg = Release|x86
		{01F66FE1-DEA7-41DA-9485-9F0318EA23ED}.Release|x86.Build.0 = Release|x86
		{01F66FE1-DEA7-41DA-9485-9F0318EA23ED}.Release|x86.Deploy.0 = Release|x86
		{5BA4CA98-D60C-42C8-A30A-60C6879663BA}.Debug|Any CPU.ActiveCfg = Debug|Any CPU
		{5BA4CA98-D60C-42C8-A30A-60C6879663BA}.Debug|Any CPU.Build.0 = Debug|Any CPU
		{5BA4CA98-D60C-42C8-A30A-60C6879663BA}.Debug|Any CPU.Deploy.0 = Debug|Any CPU
		{5BA4CA98-D60C-42C8-A30A-60C6879663BA}.Debug|ARM.ActiveCfg = Debug|Any CPU
		{5BA4CA98-D60C-42C8-A30A-60C6879663BA}.Debug|ARM.Build.0 = Debug|Any CPU
		{5BA4CA98-D60C-42C8-A30A-60C6879663BA}.Debug|ARM.Deploy.0 = Debug|Any CPU
		{5BA4CA98-D60C-42C8-A30A-60C6879663BA}.Debug|iPhone.ActiveCfg = Debug|Any CPU
		{5BA4CA98-D60C-42C8-A30A-60C6879663BA}.Debug|iPhone.Build.0 = Debug|Any CPU
		{5BA4CA98-D60C-42C8-A30A-60C6879663BA}.Debug|iPhone.Deploy.0 = Debug|Any CPU
		{5BA4CA98-D60C-42C8-A30A-60C6879663BA}.Debug|iPhoneSimulator.ActiveCfg = Debug|Any CPU
		{5BA4CA98-D60C-42C8-A30A-60C6879663BA}.Debug|iPhoneSimulator.Build.0 = Debug|Any CPU
		{5BA4CA98-D60C-42C8-A30A-60C6879663BA}.Debug|iPhoneSimulator.Deploy.0 = Debug|Any CPU
		{5BA4CA98-D60C-42C8-A30A-60C6879663BA}.Debug|x64.ActiveCfg = Debug|Any CPU
		{5BA4CA98-D60C-42C8-A30A-60C6879663BA}.Debug|x64.Build.0 = Debug|Any CPU
		{5BA4CA98-D60C-42C8-A30A-60C6879663BA}.Debug|x64.Deploy.0 = Debug|Any CPU
		{5BA4CA98-D60C-42C8-A30A-60C6879663BA}.Debug|x86.ActiveCfg = Debug|Any CPU
		{5BA4CA98-D60C-42C8-A30A-60C6879663BA}.Debug|x86.Build.0 = Debug|Any CPU
		{5BA4CA98-D60C-42C8-A30A-60C6879663BA}.Debug|x86.Deploy.0 = Debug|Any CPU
		{5BA4CA98-D60C-42C8-A30A-60C6879663BA}.Release|Any CPU.ActiveCfg = Release|Any CPU
		{5BA4CA98-D60C-42C8-A30A-60C6879663BA}.Release|Any CPU.Build.0 = Release|Any CPU
		{5BA4CA98-D60C-42C8-A30A-60C6879663BA}.Release|Any CPU.Deploy.0 = Release|Any CPU
		{5BA4CA98-D60C-42C8-A30A-60C6879663BA}.Release|ARM.ActiveCfg = Release|Any CPU
		{5BA4CA98-D60C-42C8-A30A-60C6879663BA}.Release|ARM.Build.0 = Release|Any CPU
		{5BA4CA98-D60C-42C8-A30A-60C6879663BA}.Release|ARM.Deploy.0 = Release|Any CPU
		{5BA4CA98-D60C-42C8-A30A-60C6879663BA}.Release|iPhone.ActiveCfg = Release|Any CPU
		{5BA4CA98-D60C-42C8-A30A-60C6879663BA}.Release|iPhone.Build.0 = Release|Any CPU
		{5BA4CA98-D60C-42C8-A30A-60C6879663BA}.Release|iPhone.Deploy.0 = Release|Any CPU
		{5BA4CA98-D60C-42C8-A30A-60C6879663BA}.Release|iPhoneSimulator.ActiveCfg = Release|Any CPU
		{5BA4CA98-D60C-42C8-A30A-60C6879663BA}.Release|iPhoneSimulator.Build.0 = Release|Any CPU
		{5BA4CA98-D60C-42C8-A30A-60C6879663BA}.Release|iPhoneSimulator.Deploy.0 = Release|Any CPU
		{5BA4CA98-D60C-42C8-A30A-60C6879663BA}.Release|x64.ActiveCfg = Release|Any CPU
		{5BA4CA98-D60C-42C8-A30A-60C6879663BA}.Release|x64.Build.0 = Release|Any CPU
		{5BA4CA98-D60C-42C8-A30A-60C6879663BA}.Release|x64.Deploy.0 = Release|Any CPU
		{5BA4CA98-D60C-42C8-A30A-60C6879663BA}.Release|x86.ActiveCfg = Release|Any CPU
		{5BA4CA98-D60C-42C8-A30A-60C6879663BA}.Release|x86.Build.0 = Release|Any CPU
		{5BA4CA98-D60C-42C8-A30A-60C6879663BA}.Release|x86.Deploy.0 = Release|Any CPU
		{E627E87E-7E34-462A-BC31-F5B085624732}.Debug|Any CPU.ActiveCfg = Debug|iPhoneSimulator
		{E627E87E-7E34-462A-BC31-F5B085624732}.Debug|Any CPU.Build.0 = Debug|iPhoneSimulator
		{E627E87E-7E34-462A-BC31-F5B085624732}.Debug|Any CPU.Deploy.0 = Debug|iPhoneSimulator
		{E627E87E-7E34-462A-BC31-F5B085624732}.Debug|ARM.ActiveCfg = Debug|iPhone
		{E627E87E-7E34-462A-BC31-F5B085624732}.Debug|ARM.Build.0 = Debug|iPhone
		{E627E87E-7E34-462A-BC31-F5B085624732}.Debug|ARM.Deploy.0 = Debug|iPhone
		{E627E87E-7E34-462A-BC31-F5B085624732}.Debug|iPhone.ActiveCfg = Debug|iPhone
		{E627E87E-7E34-462A-BC31-F5B085624732}.Debug|iPhone.Build.0 = Debug|iPhone
		{E627E87E-7E34-462A-BC31-F5B085624732}.Debug|iPhone.Deploy.0 = Debug|iPhone
		{E627E87E-7E34-462A-BC31-F5B085624732}.Debug|iPhoneSimulator.ActiveCfg = Debug|iPhoneSimulator
		{E627E87E-7E34-462A-BC31-F5B085624732}.Debug|iPhoneSimulator.Build.0 = Debug|iPhoneSimulator
		{E627E87E-7E34-462A-BC31-F5B085624732}.Debug|iPhoneSimulator.Deploy.0 = Debug|iPhoneSimulator
		{E627E87E-7E34-462A-BC31-F5B085624732}.Debug|x64.ActiveCfg = Debug|iPhoneSimulator
		{E627E87E-7E34-462A-BC31-F5B085624732}.Debug|x64.Build.0 = Debug|iPhoneSimulator
		{E627E87E-7E34-462A-BC31-F5B085624732}.Debug|x64.Deploy.0 = Debug|iPhoneSimulator
		{E627E87E-7E34-462A-BC31-F5B085624732}.Debug|x86.ActiveCfg = Debug|iPhoneSimulator
		{E627E87E-7E34-462A-BC31-F5B085624732}.Debug|x86.Build.0 = Debug|iPhoneSimulator
		{E627E87E-7E34-462A-BC31-F5B085624732}.Debug|x86.Deploy.0 = Debug|iPhoneSimulator
		{E627E87E-7E34-462A-BC31-F5B085624732}.Release|Any CPU.ActiveCfg = Release|iPhoneSimulator
		{E627E87E-7E34-462A-BC31-F5B085624732}.Release|Any CPU.Build.0 = Release|iPhoneSimulator
		{E627E87E-7E34-462A-BC31-F5B085624732}.Release|Any CPU.Deploy.0 = Release|iPhoneSimulator
		{E627E87E-7E34-462A-BC31-F5B085624732}.Release|ARM.ActiveCfg = Release|iPhoneSimulator
		{E627E87E-7E34-462A-BC31-F5B085624732}.Release|ARM.Build.0 = Release|iPhoneSimulator
		{E627E87E-7E34-462A-BC31-F5B085624732}.Release|ARM.Deploy.0 = Release|iPhoneSimulator
		{E627E87E-7E34-462A-BC31-F5B085624732}.Release|iPhone.ActiveCfg = Release|iPhone
		{E627E87E-7E34-462A-BC31-F5B085624732}.Release|iPhone.Build.0 = Release|iPhone
		{E627E87E-7E34-462A-BC31-F5B085624732}.Release|iPhone.Deploy.0 = Release|iPhone
		{E627E87E-7E34-462A-BC31-F5B085624732}.Release|iPhoneSimulator.ActiveCfg = Release|iPhoneSimulator
		{E627E87E-7E34-462A-BC31-F5B085624732}.Release|iPhoneSimulator.Build.0 = Release|iPhoneSimulator
		{E627E87E-7E34-462A-BC31-F5B085624732}.Release|iPhoneSimulator.Deploy.0 = Release|iPhoneSimulator
		{E627E87E-7E34-462A-BC31-F5B085624732}.Release|x64.ActiveCfg = Release|iPhoneSimulator
		{E627E87E-7E34-462A-BC31-F5B085624732}.Release|x64.Build.0 = Release|iPhoneSimulator
		{E627E87E-7E34-462A-BC31-F5B085624732}.Release|x64.Deploy.0 = Release|iPhoneSimulator
		{E627E87E-7E34-462A-BC31-F5B085624732}.Release|x86.ActiveCfg = Release|iPhoneSimulator
		{E627E87E-7E34-462A-BC31-F5B085624732}.Release|x86.Build.0 = Release|iPhoneSimulator
		{E627E87E-7E34-462A-BC31-F5B085624732}.Release|x86.Deploy.0 = Release|iPhoneSimulator
		{D7DA668B-A7E9-435D-912C-52ACEF328990}.Debug|Any CPU.ActiveCfg = Debug|Any CPU
		{D7DA668B-A7E9-435D-912C-52ACEF328990}.Debug|Any CPU.Build.0 = Debug|Any CPU
		{D7DA668B-A7E9-435D-912C-52ACEF328990}.Debug|Any CPU.Deploy.0 = Debug|Any CPU
		{D7DA668B-A7E9-435D-912C-52ACEF328990}.Debug|ARM.ActiveCfg = Debug|Any CPU
		{D7DA668B-A7E9-435D-912C-52ACEF328990}.Debug|ARM.Build.0 = Debug|Any CPU
		{D7DA668B-A7E9-435D-912C-52ACEF328990}.Debug|ARM.Deploy.0 = Debug|Any CPU
		{D7DA668B-A7E9-435D-912C-52ACEF328990}.Debug|iPhone.ActiveCfg = Debug|Any CPU
		{D7DA668B-A7E9-435D-912C-52ACEF328990}.Debug|iPhone.Build.0 = Debug|Any CPU
		{D7DA668B-A7E9-435D-912C-52ACEF328990}.Debug|iPhone.Deploy.0 = Debug|Any CPU
		{D7DA668B-A7E9-435D-912C-52ACEF328990}.Debug|iPhoneSimulator.ActiveCfg = Debug|Any CPU
		{D7DA668B-A7E9-435D-912C-52ACEF328990}.Debug|iPhoneSimulator.Build.0 = Debug|Any CPU
		{D7DA668B-A7E9-435D-912C-52ACEF328990}.Debug|iPhoneSimulator.Deploy.0 = Debug|Any CPU
		{D7DA668B-A7E9-435D-912C-52ACEF328990}.Debug|x64.ActiveCfg = Debug|Any CPU
		{D7DA668B-A7E9-435D-912C-52ACEF328990}.Debug|x64.Build.0 = Debug|Any CPU
		{D7DA668B-A7E9-435D-912C-52ACEF328990}.Debug|x64.Deploy.0 = Debug|Any CPU
		{D7DA668B-A7E9-435D-912C-52ACEF328990}.Debug|x86.ActiveCfg = Debug|Any CPU
		{D7DA668B-A7E9-435D-912C-52ACEF328990}.Debug|x86.Build.0 = Debug|Any CPU
		{D7DA668B-A7E9-435D-912C-52ACEF328990}.Debug|x86.Deploy.0 = Debug|Any CPU
		{D7DA668B-A7E9-435D-912C-52ACEF328990}.Release|Any CPU.ActiveCfg = Release|Any CPU
		{D7DA668B-A7E9-435D-912C-52ACEF328990}.Release|Any CPU.Build.0 = Release|Any CPU
		{D7DA668B-A7E9-435D-912C-52ACEF328990}.Release|Any CPU.Deploy.0 = Release|Any CPU
		{D7DA668B-A7E9-435D-912C-52ACEF328990}.Release|ARM.ActiveCfg = Release|Any CPU
		{D7DA668B-A7E9-435D-912C-52ACEF328990}.Release|ARM.Build.0 = Release|Any CPU
		{D7DA668B-A7E9-435D-912C-52ACEF328990}.Release|ARM.Deploy.0 = Release|Any CPU
		{D7DA668B-A7E9-435D-912C-52ACEF328990}.Release|iPhone.ActiveCfg = Release|Any CPU
		{D7DA668B-A7E9-435D-912C-52ACEF328990}.Release|iPhone.Build.0 = Release|Any CPU
		{D7DA668B-A7E9-435D-912C-52ACEF328990}.Release|iPhone.Deploy.0 = Release|Any CPU
		{D7DA668B-A7E9-435D-912C-52ACEF328990}.Release|iPhoneSimulator.ActiveCfg = Release|Any CPU
		{D7DA668B-A7E9-435D-912C-52ACEF328990}.Release|iPhoneSimulator.Build.0 = Release|Any CPU
		{D7DA668B-A7E9-435D-912C-52ACEF328990}.Release|iPhoneSimulator.Deploy.0 = Release|Any CPU
		{D7DA668B-A7E9-435D-912C-52ACEF328990}.Release|x64.ActiveCfg = Release|Any CPU
		{D7DA668B-A7E9-435D-912C-52ACEF328990}.Release|x64.Build.0 = Release|Any CPU
		{D7DA668B-A7E9-435D-912C-52ACEF328990}.Release|x64.Deploy.0 = Release|Any CPU
		{D7DA668B-A7E9-435D-912C-52ACEF328990}.Release|x86.ActiveCfg = Release|Any CPU
		{D7DA668B-A7E9-435D-912C-52ACEF328990}.Release|x86.Build.0 = Release|Any CPU
		{D7DA668B-A7E9-435D-912C-52ACEF328990}.Release|x86.Deploy.0 = Release|Any CPU
	EndGlobalSection
	GlobalSection(SolutionProperties) = preSolution
		HideSolutionNode = FALSE
	EndGlobalSection
	GlobalSection(ExtensibilityGlobals) = postSolution
		SolutionGuid = {C5EE79BA-2044-4C12-8241-55724BD958E4}
	EndGlobalSection
EndGlobal
