
Microsoft Visual Studio Solution File, Format Version 12.00
# Visual Studio Version 16
VisualStudioVersion = 16.0.33529.622
MinimumVisualStudioVersion = 10.0.40219.1
Project("{FAE04EC0-301F-11D3-BF4B-00C04F79EFBC}") = "DINEPLUS.UWP", "DINEPLUS\DINEPLUS.UWP\DINEPLUS.UWP.csproj", "{5217EAAA-2E04-4FF5-B9A4-B8441F8E4F85}"
EndProject
Project("{FAE04EC0-301F-11D3-BF4B-00C04F79EFBC}") = "DINEPLUS.Android", "DINEPLUS\DINEPLUS.Android\DINEPLUS.Android.csproj", "{B68255A5-25E1-4693-911C-024548589599}"
EndProject
Project("{FAE04EC0-301F-11D3-BF4B-00C04F79EFBC}") = "DINEPLUS.iOS", "DINEPLUS\DINEPLUS.iOS\DINEPLUS.iOS.csproj", "{85F6D7E3-6FDC-4B15-9D5E-9768DA2CF33C}"
EndProject
Project("{FAE04EC0-301F-11D3-BF4B-00C04F79EFBC}") = "DINEPLUS", "DINEPLUS\DINEPLUS\DINEPLUS.csproj", "{54319605-FB05-4B57-AA4D-188FBD537850}"
EndProject
Global
	GlobalSection(SolutionConfigurationPlatforms) = preSolution
		Debug|Any CPU = Debug|Any CPU
		Debug|ARM = Debug|ARM
		Debug|iPhone = Debug|iPhone
		Debug|iPhoneSimulator = Debug|iPhoneSimulator
		Debug|x64 = Debug|x64
		Debug|x86 = Debug|x86
		Release|Any CPU = Release|Any CPU
		Release|ARM = Release|ARM
		Release|iPhone = Release|iPhone
		Release|iPhoneSimulator = Release|iPhoneSimulator
		Release|x64 = Release|x64
		Release|x86 = Release|x86
	EndGlobalSection
	GlobalSection(ProjectConfigurationPlatforms) = postSolution
		{5217EAAA-2E04-4FF5-B9A4-B8441F8E4F85}.Debug|Any CPU.ActiveCfg = Debug|x86
		{5217EAAA-2E04-4FF5-B9A4-B8441F8E4F85}.Debug|Any CPU.Build.0 = Debug|x86
		{5217EAAA-2E04-4FF5-B9A4-B8441F8E4F85}.Debug|Any CPU.Deploy.0 = Debug|x86
		{5217EAAA-2E04-4FF5-B9A4-B8441F8E4F85}.Debug|ARM.ActiveCfg = Debug|ARM
		{5217EAAA-2E04-4FF5-B9A4-B8441F8E4F85}.Debug|ARM.Build.0 = Debug|ARM
		{5217EAAA-2E04-4FF5-B9A4-B8441F8E4F85}.Debug|ARM.Deploy.0 = Debug|ARM
		{5217EAAA-2E04-4FF5-B9A4-B8441F8E4F85}.Debug|iPhone.ActiveCfg = Debug|x86
		{5217EAAA-2E04-4FF5-B9A4-B8441F8E4F85}.Debug|iPhone.Build.0 = Debug|x86
		{5217EAAA-2E04-4FF5-B9A4-B8441F8E4F85}.Debug|iPhone.Deploy.0 = Debug|x86
		{5217EAAA-2E04-4FF5-B9A4-B8441F8E4F85}.Debug|iPhoneSimulator.ActiveCfg = Debug|x86
		{5217EAAA-2E04-4FF5-B9A4-B8441F8E4F85}.Debug|iPhoneSimulator.Build.0 = Debug|x86
		{5217EAAA-2E04-4FF5-B9A4-B8441F8E4F85}.Debug|iPhoneSimulator.Deploy.0 = Debug|x86
		{5217EAAA-2E04-4FF5-B9A4-B8441F8E4F85}.Debug|x64.ActiveCfg = Debug|x64
		{5217EAAA-2E04-4FF5-B9A4-B8441F8E4F85}.Debug|x64.Build.0 = Debug|x64
		{5217EAAA-2E04-4FF5-B9A4-B8441F8E4F85}.Debug|x64.Deploy.0 = Debug|x64
		{5217EAAA-2E04-4FF5-B9A4-B8441F8E4F85}.Debug|x86.ActiveCfg = Debug|x86
		{5217EAAA-2E04-4FF5-B9A4-B8441F8E4F85}.Debug|x86.Build.0 = Debug|x86
		{5217EAAA-2E04-4FF5-B9A4-B8441F8E4F85}.Debug|x86.Deploy.0 = Debug|x86
		{5217EAAA-2E04-4FF5-B9A4-B8441F8E4F85}.Release|Any CPU.ActiveCfg = Release|x86
		{5217EAAA-2E04-4FF5-B9A4-B8441F8E4F85}.Release|Any CPU.Build.0 = Release|x86
		{5217EAAA-2E04-4FF5-B9A4-B8441F8E4F85}.Release|Any CPU.Deploy.0 = Release|x86
		{5217EAAA-2E04-4FF5-B9A4-B8441F8E4F85}.Release|ARM.ActiveCfg = Release|ARM
		{5217EAAA-2E04-4FF5-B9A4-B8441F8E4F85}.Release|ARM.Build.0 = Release|ARM
		{5217EAAA-2E04-4FF5-B9A4-B8441F8E4F85}.Release|ARM.Deploy.0 = Release|ARM
		{5217EAAA-2E04-4FF5-B9A4-B8441F8E4F85}.Release|iPhone.ActiveCfg = Release|x86
		{5217EAAA-2E04-4FF5-B9A4-B8441F8E4F85}.Release|iPhone.Build.0 = Release|x86
		{5217EAAA-2E04-4FF5-B9A4-B8441F8E4F85}.Release|iPhone.Deploy.0 = Release|x86
		{5217EAAA-2E04-4FF5-B9A4-B8441F8E4F85}.Release|iPhoneSimulator.ActiveCfg = Release|x86
		{5217EAAA-2E04-4FF5-B9A4-B8441F8E4F85}.Release|iPhoneSimulator.Build.0 = Release|x86
		{5217EAAA-2E04-4FF5-B9A4-B8441F8E4F85}.Release|iPhoneSimulator.Deploy.0 = Release|x86
		{5217EAAA-2E04-4FF5-B9A4-B8441F8E4F85}.Release|x64.ActiveCfg = Release|x64
		{5217EAAA-2E04-4FF5-B9A4-B8441F8E4F85}.Release|x64.Build.0 = Release|x64
		{5217EAAA-2E04-4FF5-B9A4-B8441F8E4F85}.Release|x64.Deploy.0 = Release|x64
		{5217EAAA-2E04-4FF5-B9A4-B8441F8E4F85}.Release|x86.ActiveCfg = Release|x86
		{5217EAAA-2E04-4FF5-B9A4-B8441F8E4F85}.Release|x86.Build.0 = Release|x86
		{5217EAAA-2E04-4FF5-B9A4-B8441F8E4F85}.Release|x86.Deploy.0 = Release|x86
		{B68255A5-25E1-4693-911C-024548589599}.Debug|Any CPU.ActiveCfg = Debug|Any CPU
		{B68255A5-25E1-4693-911C-024548589599}.Debug|Any CPU.Build.0 = Debug|Any CPU
		{B68255A5-25E1-4693-911C-024548589599}.Debug|Any CPU.Deploy.0 = Debug|Any CPU
		{B68255A5-25E1-4693-911C-024548589599}.Debug|ARM.ActiveCfg = Debug|Any CPU
		{B68255A5-25E1-4693-911C-024548589599}.Debug|ARM.Build.0 = Debug|Any CPU
		{B68255A5-25E1-4693-911C-024548589599}.Debug|ARM.Deploy.0 = Debug|Any CPU
		{B68255A5-25E1-4693-911C-024548589599}.Debug|iPhone.ActiveCfg = Debug|Any CPU
		{B68255A5-25E1-4693-911C-024548589599}.Debug|iPhone.Build.0 = Debug|Any CPU
		{B68255A5-25E1-4693-911C-024548589599}.Debug|iPhone.Deploy.0 = Debug|Any CPU
		{B68255A5-25E1-4693-911C-024548589599}.Debug|iPhoneSimulator.ActiveCfg = Debug|Any CPU
		{B68255A5-25E1-4693-911C-024548589599}.Debug|iPhoneSimulator.Build.0 = Debug|Any CPU
		{B68255A5-25E1-4693-911C-024548589599}.Debug|iPhoneSimulator.Deploy.0 = Debug|Any CPU
		{B68255A5-25E1-4693-911C-024548589599}.Debug|x64.ActiveCfg = Debug|Any CPU
		{B68255A5-25E1-4693-911C-024548589599}.Debug|x64.Build.0 = Debug|Any CPU
		{B68255A5-25E1-4693-911C-024548589599}.Debug|x64.Deploy.0 = Debug|Any CPU
		{B68255A5-25E1-4693-911C-024548589599}.Debug|x86.ActiveCfg = Debug|Any CPU
		{B68255A5-25E1-4693-911C-024548589599}.Debug|x86.Build.0 = Debug|Any CPU
		{B68255A5-25E1-4693-911C-024548589599}.Debug|x86.Deploy.0 = Debug|Any CPU
		{B68255A5-25E1-4693-911C-024548589599}.Release|Any CPU.ActiveCfg = Release|Any CPU
		{B68255A5-25E1-4693-911C-024548589599}.Release|Any CPU.Build.0 = Release|Any CPU
		{B68255A5-25E1-4693-911C-024548589599}.Release|Any CPU.Deploy.0 = Release|Any CPU
		{B68255A5-25E1-4693-911C-024548589599}.Release|ARM.ActiveCfg = Release|Any CPU
		{B68255A5-25E1-4693-911C-024548589599}.Release|ARM.Build.0 = Release|Any CPU
		{B68255A5-25E1-4693-911C-024548589599}.Release|ARM.Deploy.0 = Release|Any CPU
		{B68255A5-25E1-4693-911C-024548589599}.Release|iPhone.ActiveCfg = Release|Any CPU
		{B68255A5-25E1-4693-911C-024548589599}.Release|iPhone.Build.0 = Release|Any CPU
		{B68255A5-25E1-4693-911C-024548589599}.Release|iPhone.Deploy.0 = Release|Any CPU
		{B68255A5-25E1-4693-911C-024548589599}.Release|iPhoneSimulator.ActiveCfg = Release|Any CPU
		{B68255A5-25E1-4693-911C-024548589599}.Release|iPhoneSimulator.Build.0 = Release|Any CPU
		{B68255A5-25E1-4693-911C-024548589599}.Release|iPhoneSimulator.Deploy.0 = Release|Any CPU
		{B68255A5-25E1-4693-911C-024548589599}.Release|x64.ActiveCfg = Release|Any CPU
		{B68255A5-25E1-4693-911C-024548589599}.Release|x64.Build.0 = Release|Any CPU
		{B68255A5-25E1-4693-911C-024548589599}.Release|x64.Deploy.0 = Release|Any CPU
		{B68255A5-25E1-4693-911C-024548589599}.Release|x86.ActiveCfg = Release|Any CPU
		{B68255A5-25E1-4693-911C-024548589599}.Release|x86.Build.0 = Release|Any CPU
		{B68255A5-25E1-4693-911C-024548589599}.Release|x86.Deploy.0 = Release|Any CPU
		{85F6D7E3-6FDC-4B15-9D5E-9768DA2CF33C}.Debug|Any CPU.ActiveCfg = Debug|iPhoneSimulator
		{85F6D7E3-6FDC-4B15-9D5E-9768DA2CF33C}.Debug|Any CPU.Build.0 = Debug|iPhoneSimulator
		{85F6D7E3-6FDC-4B15-9D5E-9768DA2CF33C}.Debug|Any CPU.Deploy.0 = Debug|iPhoneSimulator
		{85F6D7E3-6FDC-4B15-9D5E-9768DA2CF33C}.Debug|ARM.ActiveCfg = Debug|iPhone
		{85F6D7E3-6FDC-4B15-9D5E-9768DA2CF33C}.Debug|ARM.Build.0 = Debug|iPhone
		{85F6D7E3-6FDC-4B15-9D5E-9768DA2CF33C}.Debug|ARM.Deploy.0 = Debug|iPhone
		{85F6D7E3-6FDC-4B15-9D5E-9768DA2CF33C}.Debug|iPhone.ActiveCfg = Debug|iPhone
		{85F6D7E3-6FDC-4B15-9D5E-9768DA2CF33C}.Debug|iPhone.Build.0 = Debug|iPhone
		{85F6D7E3-6FDC-4B15-9D5E-9768DA2CF33C}.Debug|iPhone.Deploy.0 = Debug|iPhone
		{85F6D7E3-6FDC-4B15-9D5E-9768DA2CF33C}.Debug|iPhoneSimulator.ActiveCfg = Debug|iPhoneSimulator
		{85F6D7E3-6FDC-4B15-9D5E-9768DA2CF33C}.Debug|iPhoneSimulator.Build.0 = Debug|iPhoneSimulator
		{85F6D7E3-6FDC-4B15-9D5E-9768DA2CF33C}.Debug|iPhoneSimulator.Deploy.0 = Debug|iPhoneSimulator
		{85F6D7E3-6FDC-4B15-9D5E-9768DA2CF33C}.Debug|x64.ActiveCfg = Debug|iPhoneSimulator
		{85F6D7E3-6FDC-4B15-9D5E-9768DA2CF33C}.Debug|x64.Build.0 = Debug|iPhoneSimulator
		{85F6D7E3-6FDC-4B15-9D5E-9768DA2CF33C}.Debug|x64.Deploy.0 = Debug|iPhoneSimulator
		{85F6D7E3-6FDC-4B15-9D5E-9768DA2CF33C}.Debug|x86.ActiveCfg = Debug|iPhoneSimulator
		{85F6D7E3-6FDC-4B15-9D5E-9768DA2CF33C}.Debug|x86.Build.0 = Debug|iPhoneSimulator
		{85F6D7E3-6FDC-4B15-9D5E-9768DA2CF33C}.Debug|x86.Deploy.0 = Debug|iPhoneSimulator
		{85F6D7E3-6FDC-4B15-9D5E-9768DA2CF33C}.Release|Any CPU.ActiveCfg = Release|iPhoneSimulator
		{85F6D7E3-6FDC-4B15-9D5E-9768DA2CF33C}.Release|Any CPU.Build.0 = Release|iPhoneSimulator
		{85F6D7E3-6FDC-4B15-9D5E-9768DA2CF33C}.Release|Any CPU.Deploy.0 = Release|iPhoneSimulator
		{85F6D7E3-6FDC-4B15-9D5E-9768DA2CF33C}.Release|ARM.ActiveCfg = Release|iPhoneSimulator
		{85F6D7E3-6FDC-4B15-9D5E-9768DA2CF33C}.Release|ARM.Build.0 = Release|iPhoneSimulator
		{85F6D7E3-6FDC-4B15-9D5E-9768DA2CF33C}.Release|ARM.Deploy.0 = Release|iPhoneSimulator
		{85F6D7E3-6FDC-4B15-9D5E-9768DA2CF33C}.Release|iPhone.ActiveCfg = Release|iPhone
		{85F6D7E3-6FDC-4B15-9D5E-9768DA2CF33C}.Release|iPhone.Build.0 = Release|iPhone
		{85F6D7E3-6FDC-4B15-9D5E-9768DA2CF33C}.Release|iPhone.Deploy.0 = Release|iPhone
		{85F6D7E3-6FDC-4B15-9D5E-9768DA2CF33C}.Release|iPhoneSimulator.ActiveCfg = Release|iPhoneSimulator
		{85F6D7E3-6FDC-4B15-9D5E-9768DA2CF33C}.Release|iPhoneSimulator.Build.0 = Release|iPhoneSimulator
		{85F6D7E3-6FDC-4B15-9D5E-9768DA2CF33C}.Release|iPhoneSimulator.Deploy.0 = Release|iPhoneSimulator
		{85F6D7E3-6FDC-4B15-9D5E-9768DA2CF33C}.Release|x64.ActiveCfg = Release|iPhoneSimulator
		{85F6D7E3-6FDC-4B15-9D5E-9768DA2CF33C}.Release|x64.Build.0 = Release|iPhoneSimulator
		{85F6D7E3-6FDC-4B15-9D5E-9768DA2CF33C}.Release|x64.Deploy.0 = Release|iPhoneSimulator
		{85F6D7E3-6FDC-4B15-9D5E-9768DA2CF33C}.Release|x86.ActiveCfg = Release|iPhoneSimulator
		{85F6D7E3-6FDC-4B15-9D5E-9768DA2CF33C}.Release|x86.Build.0 = Release|iPhoneSimulator
		{85F6D7E3-6FDC-4B15-9D5E-9768DA2CF33C}.Release|x86.Deploy.0 = Release|iPhoneSimulator
		{54319605-FB05-4B57-AA4D-188FBD537850}.Debug|Any CPU.ActiveCfg = Debug|Any CPU
		{54319605-FB05-4B57-AA4D-188FBD537850}.Debug|Any CPU.Build.0 = Debug|Any CPU
		{54319605-FB05-4B57-AA4D-188FBD537850}.Debug|Any CPU.Deploy.0 = Debug|Any CPU
		{54319605-FB05-4B57-AA4D-188FBD537850}.Debug|ARM.ActiveCfg = Debug|Any CPU
		{54319605-FB05-4B57-AA4D-188FBD537850}.Debug|ARM.Build.0 = Debug|Any CPU
		{54319605-FB05-4B57-AA4D-188FBD537850}.Debug|ARM.Deploy.0 = Debug|Any CPU
		{54319605-FB05-4B57-AA4D-188FBD537850}.Debug|iPhone.ActiveCfg = Debug|Any CPU
		{54319605-FB05-4B57-AA4D-188FBD537850}.Debug|iPhone.Build.0 = Debug|Any CPU
		{54319605-FB05-4B57-AA4D-188FBD537850}.Debug|iPhone.Deploy.0 = Debug|Any CPU
		{54319605-FB05-4B57-AA4D-188FBD537850}.Debug|iPhoneSimulator.ActiveCfg = Debug|Any CPU
		{54319605-FB05-4B57-AA4D-188FBD537850}.Debug|iPhoneSimulator.Build.0 = Debug|Any CPU
		{54319605-FB05-4B57-AA4D-188FBD537850}.Debug|iPhoneSimulator.Deploy.0 = Debug|Any CPU
		{54319605-FB05-4B57-AA4D-188FBD537850}.Debug|x64.ActiveCfg = Debug|Any CPU
		{54319605-FB05-4B57-AA4D-188FBD537850}.Debug|x64.Build.0 = Debug|Any CPU
		{54319605-FB05-4B57-AA4D-188FBD537850}.Debug|x64.Deploy.0 = Debug|Any CPU
		{54319605-FB05-4B57-AA4D-188FBD537850}.Debug|x86.ActiveCfg = Debug|Any CPU
		{54319605-FB05-4B57-AA4D-188FBD537850}.Debug|x86.Build.0 = Debug|Any CPU
		{54319605-FB05-4B57-AA4D-188FBD537850}.Debug|x86.Deploy.0 = Debug|Any CPU
		{54319605-FB05-4B57-AA4D-188FBD537850}.Release|Any CPU.ActiveCfg = Release|Any CPU
		{54319605-FB05-4B57-AA4D-188FBD537850}.Release|Any CPU.Build.0 = Release|Any CPU
		{54319605-FB05-4B57-AA4D-188FBD537850}.Release|Any CPU.Deploy.0 = Release|Any CPU
		{54319605-FB05-4B57-AA4D-188FBD537850}.Release|ARM.ActiveCfg = Release|Any CPU
		{54319605-FB05-4B57-AA4D-188FBD537850}.Release|ARM.Build.0 = Release|Any CPU
		{54319605-FB05-4B57-AA4D-188FBD537850}.Release|ARM.Deploy.0 = Release|Any CPU
		{54319605-FB05-4B57-AA4D-188FBD537850}.Release|iPhone.ActiveCfg = Release|Any CPU
		{54319605-FB05-4B57-AA4D-188FBD537850}.Release|iPhone.Build.0 = Release|Any CPU
		{54319605-FB05-4B57-AA4D-188FBD537850}.Release|iPhone.Deploy.0 = Release|Any CPU
		{54319605-FB05-4B57-AA4D-188FBD537850}.Release|iPhoneSimulator.ActiveCfg = Release|Any CPU
		{54319605-FB05-4B57-AA4D-188FBD537850}.Release|iPhoneSimulator.Build.0 = Release|Any CPU
		{54319605-FB05-4B57-AA4D-188FBD537850}.Release|iPhoneSimulator.Deploy.0 = Release|Any CPU
		{54319605-FB05-4B57-AA4D-188FBD537850}.Release|x64.ActiveCfg = Release|Any CPU
		{54319605-FB05-4B57-AA4D-188FBD537850}.Release|x64.Build.0 = Release|Any CPU
		{54319605-FB05-4B57-AA4D-188FBD537850}.Release|x64.Deploy.0 = Release|Any CPU
		{54319605-FB05-4B57-AA4D-188FBD537850}.Release|x86.ActiveCfg = Release|Any CPU
		{54319605-FB05-4B57-AA4D-188FBD537850}.Release|x86.Build.0 = Release|Any CPU
		{54319605-FB05-4B57-AA4D-188FBD537850}.Release|x86.Deploy.0 = Release|Any CPU
	EndGlobalSection
	GlobalSection(SolutionProperties) = preSolution
		HideSolutionNode = FALSE
	EndGlobalSection
	GlobalSection(ExtensibilityGlobals) = postSolution
		SolutionGuid = {DD83E6B3-3AE3-4234-A4F6-CFC8D3002149}
	EndGlobalSection
EndGlobal
